{
  "object": {
    "pins": [
      {
        "package": "CollectionKit",
        "repositoryURL": "https://github.com/apparata/CollectionKit.git",
        "state": {
          "branch": null,
          "revision": "bf72fccbcea7cca57195665c95eddbeea9b0d7ad",
          "version": "0.1.1"
        }
      },
      {
        "package": "Constructs",
        "repositoryURL": "https://github.com/apparata/Constructs.git",
        "state": {
          "branch": null,
          "revision": "fe1e469f0a8c3cd938693760c652a33951e6e4ea",
          "version": "1.0.2"
        }
      },
      {
        "package": "SettingsKit",
        "repositoryURL": "https://github.com/apparata/SettingsKit.git",
        "state": {
          "branch": null,
          "revision": "0f247cb8ca846e831193051a56aa11ebc49e65c3",
          "version": "0.1.2"
        }
      },
      {
        "package": "SwiftUIToolbox",
        "repositoryURL": "https://github.com/apparata/SwiftUIToolbox.git",
        "state": {
          "branch": null,
          "revision": "b560cfe9091733d3a6321fb31f424a205bc4d20a",
          "version": "0.0.9"
        }
      },
      {
        "package": "SystemKit",
        "repositoryURL": "https://github.com/apparata/SystemKit.git",
        "state": {
          "branch": null,
          "revision": "4d7db051426bbd0bf10db8eaed51334f7a5c682a",
          "version": "1.3.1"
        }
      },
      {
        "package": "Zipcode",
        "repositoryURL": "https://github.com/apparata/Zipcode.git",
        "state": {
          "branch": null,
          "revision": "7ee6305ff48f33679d61d12d15137275857ea5df",
          "version": "0.1.0"
        }
      }
    ]
  },
  "version": 1
}
